
Microsoft Visual Studio Solution File, Format Version 11.00
# Visual Studio 2010
Project("{FAE04EC0-301F-11D3-BF4B-00C04F79EFBC}") = "MazeItClient", "MazeItClient\MazeItClient.csproj", "{51183D53-D09C-492E-9374-F7CA4A2DE8EB}"
EndProject
Project("{FAE04EC0-301F-11D3-BF4B-00C04F79EFBC}") = "MazeItServer", "MazeItServer\MazeItServer.csproj", "{0941ACDD-8BD7-40A0-BC63-DC8EB365C980}"
EndProject
Project("{E24C65DC-7377-472B-9ABA-BC803B73C61A}") = "MazeItClientOutput", "MazeItClientOutput\", "{B3C3FB5E-3BE7-4EA9-AA00-95657D1B0130}"
	ProjectSection(WebsiteProperties) = preProject
		TargetFrameworkMoniker = ".NETFramework,Version%3Dv4.0"
		Debug.AspNetCompiler.VirtualPath = "/MazeItClientOutput"
		Debug.AspNetCompiler.PhysicalPath = "MazeItClientOutput\"
		Debug.AspNetCompiler.TargetPath = "PrecompiledWeb\MazeItClientOutput\"
		Debug.AspNetCompiler.Updateable = "true"
		Debug.AspNetCompiler.ForceOverwrite = "true"
		Debug.AspNetCompiler.FixedNames = "false"
		Debug.AspNetCompiler.Debug = "True"
		Release.AspNetCompiler.VirtualPath = "/MazeItClientOutput"
		Release.AspNetCompiler.PhysicalPath = "MazeItClientOutput\"
		Release.AspNetCompiler.TargetPath = "PrecompiledWeb\MazeItClientOutput\"
		Release.AspNetCompiler.Updateable = "true"
		Release.AspNetCompiler.ForceOverwrite = "true"
		Release.AspNetCompiler.FixedNames = "false"
		Release.AspNetCompiler.Debug = "False"
		VWDPort = "52550"
		DefaultWebSiteLanguage = "Visual C#"
	EndProjectSection
EndProject
Project("{FAE04EC0-301F-11D3-BF4B-00C04F79EFBC}") = "MazeItCommon", "MazeItCommon\MazeItCommon.csproj", "{399F38FA-7D90-42F6-880F-F10643F2BD28}"
EndProject
Project("{E24C65DC-7377-472B-9ABA-BC803B73C61A}") = "MazeItServerOutput", "MazeItServerOutput\", "{91D6F853-8F3B-48ED-A31C-C72C12AE7828}"
	ProjectSection(WebsiteProperties) = preProject
		TargetFrameworkMoniker = ".NETFramework,Version%3Dv4.0"
		Debug.AspNetCompiler.VirtualPath = "/MazeItServerOutput"
		Debug.AspNetCompiler.PhysicalPath = "MazeItServerOutput\"
		Debug.AspNetCompiler.TargetPath = "PrecompiledWeb\MazeItServerOutput\"
		Debug.AspNetCompiler.Updateable = "true"
		Debug.AspNetCompiler.ForceOverwrite = "true"
		Debug.AspNetCompiler.FixedNames = "false"
		Debug.AspNetCompiler.Debug = "True"
		Release.AspNetCompiler.VirtualPath = "/MazeItServerOutput"
		Release.AspNetCompiler.PhysicalPath = "MazeItServerOutput\"
		Release.AspNetCompiler.TargetPath = "PrecompiledWeb\MazeItServerOutput\"
		Release.AspNetCompiler.Updateable = "true"
		Release.AspNetCompiler.ForceOverwrite = "true"
		Release.AspNetCompiler.FixedNames = "false"
		Release.AspNetCompiler.Debug = "False"
		VWDPort = "58290"
	EndProjectSection
EndProject
Global
	GlobalSection(SolutionConfigurationPlatforms) = preSolution
		Debug|Any CPU = Debug|Any CPU
		Debug|Mixed Platforms = Debug|Mixed Platforms
		Debug|x86 = Debug|x86
		Release|Any CPU = Release|Any CPU
		Release|Mixed Platforms = Release|Mixed Platforms
		Release|x86 = Release|x86
	EndGlobalSection
	GlobalSection(ProjectConfigurationPlatforms) = postSolution
		{51183D53-D09C-492E-9374-F7CA4A2DE8EB}.Debug|Any CPU.ActiveCfg = Debug|x86
		{51183D53-D09C-492E-9374-F7CA4A2DE8EB}.Debug|Mixed Platforms.ActiveCfg = Debug|x86
		{51183D53-D09C-492E-9374-F7CA4A2DE8EB}.Debug|Mixed Platforms.Build.0 = Debug|x86
		{51183D53-D09C-492E-9374-F7CA4A2DE8EB}.Debug|x86.ActiveCfg = Debug|x86
		{51183D53-D09C-492E-9374-F7CA4A2DE8EB}.Debug|x86.Build.0 = Debug|x86
		{51183D53-D09C-492E-9374-F7CA4A2DE8EB}.Release|Any CPU.ActiveCfg = Release|x86
		{51183D53-D09C-492E-9374-F7CA4A2DE8EB}.Release|Mixed Platforms.ActiveCfg = Release|x86
		{51183D53-D09C-492E-9374-F7CA4A2DE8EB}.Release|Mixed Platforms.Build.0 = Release|x86
		{51183D53-D09C-492E-9374-F7CA4A2DE8EB}.Release|x86.ActiveCfg = Release|x86
		{51183D53-D09C-492E-9374-F7CA4A2DE8EB}.Release|x86.Build.0 = Release|x86
		{0941ACDD-8BD7-40A0-BC63-DC8EB365C980}.Debug|Any CPU.ActiveCfg = Debug|x86
		{0941ACDD-8BD7-40A0-BC63-DC8EB365C980}.Debug|Mixed Platforms.ActiveCfg = Debug|x86
		{0941ACDD-8BD7-40A0-BC63-DC8EB365C980}.Debug|Mixed Platforms.Build.0 = Debug|x86
		{0941ACDD-8BD7-40A0-BC63-DC8EB365C980}.Debug|x86.ActiveCfg = Debug|x86
		{0941ACDD-8BD7-40A0-BC63-DC8EB365C980}.Debug|x86.Build.0 = Debug|x86
		{0941ACDD-8BD7-40A0-BC63-DC8EB365C980}.Release|Any CPU.ActiveCfg = Release|x86
		{0941ACDD-8BD7-40A0-BC63-DC8EB365C980}.Release|Mixed Platforms.ActiveCfg = Release|x86
		{0941ACDD-8BD7-40A0-BC63-DC8EB365C980}.Release|Mixed Platforms.Build.0 = Release|x86
		{0941ACDD-8BD7-40A0-BC63-DC8EB365C980}.Release|x86.ActiveCfg = Release|x86
		{0941ACDD-8BD7-40A0-BC63-DC8EB365C980}.Release|x86.Build.0 = Release|x86
		{B3C3FB5E-3BE7-4EA9-AA00-95657D1B0130}.Debug|Any CPU.ActiveCfg = Debug|Any CPU
		{B3C3FB5E-3BE7-4EA9-AA00-95657D1B0130}.Debug|Any CPU.Build.0 = Debug|Any CPU
		{B3C3FB5E-3BE7-4EA9-AA00-95657D1B0130}.Debug|Mixed Platforms.ActiveCfg = Debug|Any CPU
		{B3C3FB5E-3BE7-4EA9-AA00-95657D1B0130}.Debug|x86.ActiveCfg = Debug|Any CPU
		{B3C3FB5E-3BE7-4EA9-AA00-95657D1B0130}.Release|Any CPU.ActiveCfg = Debug|Any CPU
		{B3C3FB5E-3BE7-4EA9-AA00-95657D1B0130}.Release|Any CPU.Build.0 = Debug|Any CPU
		{B3C3FB5E-3BE7-4EA9-AA00-95657D1B0130}.Release|Mixed Platforms.ActiveCfg = Debug|Any CPU
		{B3C3FB5E-3BE7-4EA9-AA00-95657D1B0130}.Release|Mixed Platforms.Build.0 = Debug|Any CPU
		{B3C3FB5E-3BE7-4EA9-AA00-95657D1B0130}.Release|x86.ActiveCfg = Debug|Any CPU
		{399F38FA-7D90-42F6-880F-F10643F2BD28}.Debug|Any CPU.ActiveCfg = Debug|x86
		{399F38FA-7D90-42F6-880F-F10643F2BD28}.Debug|Mixed Platforms.ActiveCfg = Debug|x86
		{399F38FA-7D90-42F6-880F-F10643F2BD28}.Debug|Mixed Platforms.Build.0 = Debug|x86
		{399F38FA-7D90-42F6-880F-F10643F2BD28}.Debug|x86.ActiveCfg = Debug|x86
		{399F38FA-7D90-42F6-880F-F10643F2BD28}.Debug|x86.Build.0 = Debug|x86
		{399F38FA-7D90-42F6-880F-F10643F2BD28}.Release|Any CPU.ActiveCfg = Release|x86
		{399F38FA-7D90-42F6-880F-F10643F2BD28}.Release|Mixed Platforms.ActiveCfg = Release|x86
		{399F38FA-7D90-42F6-880F-F10643F2BD28}.Release|Mixed Platforms.Build.0 = Release|x86
		{399F38FA-7D90-42F6-880F-F10643F2BD28}.Release|x86.ActiveCfg = Release|x86
		{399F38FA-7D90-42F6-880F-F10643F2BD28}.Release|x86.Build.0 = Release|x86
		{91D6F853-8F3B-48ED-A31C-C72C12AE7828}.Debug|Any CPU.ActiveCfg = Debug|Any CPU
		{91D6F853-8F3B-48ED-A31C-C72C12AE7828}.Debug|Any CPU.Build.0 = Debug|Any CPU
		{91D6F853-8F3B-48ED-A31C-C72C12AE7828}.Debug|Mixed Platforms.ActiveCfg = Debug|Any CPU
		{91D6F853-8F3B-48ED-A31C-C72C12AE7828}.Debug|x86.ActiveCfg = Debug|Any CPU
		{91D6F853-8F3B-48ED-A31C-C72C12AE7828}.Release|Any CPU.ActiveCfg = Debug|Any CPU
		{91D6F853-8F3B-48ED-A31C-C72C12AE7828}.Release|Any CPU.Build.0 = Debug|Any CPU
		{91D6F853-8F3B-48ED-A31C-C72C12AE7828}.Release|Mixed Platforms.ActiveCfg = Debug|Any CPU
		{91D6F853-8F3B-48ED-A31C-C72C12AE7828}.Release|Mixed Platforms.Build.0 = Debug|Any CPU
		{91D6F853-8F3B-48ED-A31C-C72C12AE7828}.Release|x86.ActiveCfg = Debug|Any CPU
	EndGlobalSection
	GlobalSection(SolutionProperties) = preSolution
		HideSolutionNode = FALSE
	EndGlobalSection
EndGlobal
